
Microsoft Visual Studio Solution File, Format Version 12.00
# Visual Studio Version 17
VisualStudioVersion = 17.6.33815.320
MinimumVisualStudioVersion = 10.0.40219.1
Project("{FAE04EC0-301F-11D3-BF4B-00C04F79EFBC}") = "HashPasswords", "HashPasswords\HashPasswords.csproj", "{00CCBD0F-FAAF-4403-93CD-FA39ECB6853B}"
EndProject
Project("{FAE04EC0-301F-11D3-BF4B-00C04F79EFBC}") = "Konsolika", "Konsolika\Konsolika.csproj", "{BAD504F4-310B-4CDD-8EDE-D75FD93D5FF7}"
EndProject
Project("{FAE04EC0-301F-11D3-BF4B-00C04F79EFBC}") = "Dereev_21.101", "Dereev_21.101\Dereev_21.101.csproj", "{2A955716-4CF1-4FAF-B20D-8E28409769AE}"
EndProject
Global
	GlobalSection(SolutionConfigurationPlatforms) = preSolution
		Debug|Any CPU = Debug|Any CPU
		Release|Any CPU = Release|Any CPU
	EndGlobalSection
	GlobalSection(ProjectConfigurationPlatforms) = postSolution
		{00CCBD0F-FAAF-4403-93CD-FA39ECB6853B}.Debug|Any CPU.ActiveCfg = Debug|Any CPU
		{00CCBD0F-FAAF-4403-93CD-FA39ECB6853B}.Debug|Any CPU.Build.0 = Debug|Any CPU
		{00CCBD0F-FAAF-4403-93CD-FA39ECB6853B}.Release|Any CPU.ActiveCfg = Release|Any CPU
		{00CCBD0F-FAAF-4403-93CD-FA39ECB6853B}.Release|Any CPU.Build.0 = Release|Any CPU
		{BAD504F4-310B-4CDD-8EDE-D75FD93D5FF7}.Debug|Any CPU.ActiveCfg = Debug|Any CPU
		{BAD504F4-310B-4CDD-8EDE-D75FD93D5FF7}.Debug|Any CPU.Build.0 = Debug|Any CPU
		{BAD504F4-310B-4CDD-8EDE-D75FD93D5FF7}.Release|Any CPU.ActiveCfg = Release|Any CPU
		{BAD504F4-310B-4CDD-8EDE-D75FD93D5FF7}.Release|Any CPU.Build.0 = Release|Any CPU
		{2A955716-4CF1-4FAF-B20D-8E28409769AE}.Debug|Any CPU.ActiveCfg = Debug|Any CPU
		{2A955716-4CF1-4FAF-B20D-8E28409769AE}.Debug|Any CPU.Build.0 = Debug|Any CPU
		{2A955716-4CF1-4FAF-B20D-8E28409769AE}.Release|Any CPU.ActiveCfg = Release|Any CPU
		{2A955716-4CF1-4FAF-B20D-8E28409769AE}.Release|Any CPU.Build.0 = Release|Any CPU
	EndGlobalSection
	GlobalSection(SolutionProperties) = preSolution
		HideSolutionNode = FALSE
	EndGlobalSection
	GlobalSection(ExtensibilityGlobals) = postSolution
		SolutionGuid = {00020AC9-1C42-449E-8877-77FCA703D1E6}
	EndGlobalSection
EndGlobal
